
Microsoft Visual Studio Solution File, Format Version 12.00
# Visual Studio Version 17
VisualStudioVersion = 17.2.32519.379
MinimumVisualStudioVersion = 10.0.40219.1
Project("{FAE04EC0-301F-11D3-BF4B-00C04F79EFBC}") = "ооп", "ооп.csproj", "{91560C73-0085-4688-A1FD-EDEC1E365E0D}"
EndProject
Global
	GlobalSection(SolutionConfigurationPlatforms) = preSolution
		Debug|Any CPU = Debug|Any CPU
		Release|Any CPU = Release|Any CPU
	EndGlobalSection
	GlobalSection(ProjectConfigurationPlatforms) = postSolution
		{91560C73-0085-4688-A1FD-EDEC1E365E0D}.Debug|Any CPU.ActiveCfg = Debug|Any CPU
		{91560C73-0085-4688-A1FD-EDEC1E365E0D}.Debug|Any CPU.Build.0 = Debug|Any CPU
		{91560C73-0085-4688-A1FD-EDEC1E365E0D}.Release|Any CPU.ActiveCfg = Release|Any CPU
		{91560C73-0085-4688-A1FD-EDEC1E365E0D}.Release|Any CPU.Build.0 = Release|Any CPU
	EndGlobalSection
	GlobalSection(SolutionProperties) = preSolution
		HideSolutionNode = FALSE
	EndGlobalSection
	GlobalSection(ExtensibilityGlobals) = postSolution
		SolutionGuid = {D3D0F6FF-1FC6-4BDE-A306-38B8A8E00F33}
	EndGlobalSection
EndGlobal
